// !$*UTF8*$!
{
	archiveVersion = 1;
	classes = {
	};
	objectVersion = 51;
	objects = {

/* Begin PBXBuildFile section */
		957ED9C4CF7AE22CF7CC703D /* Pods_snapkit_demo_snapkit_demoUITests.framework in Frameworks */ = {isa = PBXBuildFile; fileRef = 4F6F9223FA30AE828D23AE82 /* Pods_snapkit_demo_snapkit_demoUITests.framework */; };
		A8B6503CA09E5CDEEE7E9922 /* Pods_snapkit_demoTests.framework in Frameworks */ = {isa = PBXBuildFile; fileRef = 71E3164F18B1FABCE5BEB589 /* Pods_snapkit_demoTests.framework */; };
		BDF7A28746954E1500571E99 /* Pods_snapkit_demo.framework in Frameworks */ = {isa = PBXBuildFile; fileRef = 606E6C79A524CBAF3CC7931A /* Pods_snapkit_demo.framework */; };
		E459DC3B24C68CD8006886B6 /* AppDelegate.swift in Sources */ = {isa = PBXBuildFile; fileRef = E459DC3A24C68CD8006886B6 /* AppDelegate.swift */; };
		E459DC3D24C68CD8006886B6 /* SceneDelegate.swift in Sources */ = {isa = PBXBuildFile; fileRef = E459DC3C24C68CD8006886B6 /* SceneDelegate.swift */; };
		E459DC3F24C68CD8006886B6 /* ViewController.swift in Sources */ = {isa = PBXBuildFile; fileRef = E459DC3E24C68CD8006886B6 /* ViewController.swift */; };
		E459DC4224C68CD8006886B6 /* Main.storyboard in Resources */ = {isa = PBXBuildFile; fileRef = E459DC4024C68CD8006886B6 /* Main.storyboard */; };
		E459DC4424C68CDA006886B6 /* Assets.xcassets in Resources */ = {isa = PBXBuildFile; fileRef = E459DC4324C68CDA006886B6 /* Assets.xcassets */; };
		E459DC4724C68CDA006886B6 /* LaunchScreen.storyboard in Resources */ = {isa = PBXBuildFile; fileRef = E459DC4524C68CDA006886B6 /* LaunchScreen.storyboard */; };
		E459DC5224C68CDA006886B6 /* snapkit_demoTests.swift in Sources */ = {isa = PBXBuildFile; fileRef = E459DC5124C68CDA006886B6 /* snapkit_demoTests.swift */; };
		E459DC5D24C68CDA006886B6 /* snapkit_demoUITests.swift in Sources */ = {isa = PBXBuildFile; fileRef = E459DC5C24C68CDA006886B6 /* snapkit_demoUITests.swift */; };
		E49D1C5124C92FF9003DD14C /* LeaderTableViewCell.swift in Sources */ = {isa = PBXBuildFile; fileRef = E49D1C5024C92FF9003DD14C /* LeaderTableViewCell.swift */; };
		E49D1C5324C9301A003DD14C /* MemberTableViewCell.swift in Sources */ = {isa = PBXBuildFile; fileRef = E49D1C5224C9301A003DD14C /* MemberTableViewCell.swift */; };
		E49D1C5524C9302D003DD14C /* ResignTableViewCell.swift in Sources */ = {isa = PBXBuildFile; fileRef = E49D1C5424C9302D003DD14C /* ResignTableViewCell.swift */; };
		E49D1C5C24C98E3E003DD14C /* Model.swift in Sources */ = {isa = PBXBuildFile; fileRef = E49D1C5B24C98E3E003DD14C /* Model.swift */; };
/* End PBXBuildFile section */

/* Begin PBXContainerItemProxy section */
		E459DC4E24C68CDA006886B6 /* PBXContainerItemProxy */ = {
			isa = PBXContainerItemProxy;
			containerPortal = E459DC2F24C68CD8006886B6 /* Project object */;
			proxyType = 1;
			remoteGlobalIDString = E459DC3624C68CD8006886B6;
			remoteInfo = "snapkit-demo";
		};
		E459DC5924C68CDA006886B6 /* PBXContainerItemProxy */ = {
			isa = PBXContainerItemProxy;
			containerPortal = E459DC2F24C68CD8006886B6 /* Project object */;
			proxyType = 1;
			remoteGlobalIDString = E459DC3624C68CD8006886B6;
			remoteInfo = "snapkit-demo";
		};
/* End PBXContainerItemProxy section */

/* Begin PBXFileReference section */
		06EDB01146A4090295FFCAC9 /* Pods-snapkit-demo-snapkit-demoUITests.release.xcconfig */ = {isa = PBXFileReference; includeInIndex = 1; lastKnownFileType = text.xcconfig; name = "Pods-snapkit-demo-snapkit-demoUITests.release.xcconfig"; path = "Target Support Files/Pods-snapkit-demo-snapkit-demoUITests/Pods-snapkit-demo-snapkit-demoUITests.release.xcconfig"; sourceTree = "<group>"; };
		0EE375918311A1D54E757686 /* Pods-snapkit-demoTests.release.xcconfig */ = {isa = PBXFileReference; includeInIndex = 1; lastKnownFileType = text.xcconfig; name = "Pods-snapkit-demoTests.release.xcconfig"; path = "Target Support Files/Pods-snapkit-demoTests/Pods-snapkit-demoTests.release.xcconfig"; sourceTree = "<group>"; };
		4F6F9223FA30AE828D23AE82 /* Pods_snapkit_demo_snapkit_demoUITests.framework */ = {isa = PBXFileReference; explicitFileType = wrapper.framework; includeInIndex = 0; path = Pods_snapkit_demo_snapkit_demoUITests.framework; sourceTree = BUILT_PRODUCTS_DIR; };
		5F145BD810444A79EC5BB357 /* Pods-snapkit-demoTests.debug.xcconfig */ = {isa = PBXFileReference; includeInIndex = 1; lastKnownFileType = text.xcconfig; name = "Pods-snapkit-demoTests.debug.xcconfig"; path = "Target Support Files/Pods-snapkit-demoTests/Pods-snapkit-demoTests.debug.xcconfig"; sourceTree = "<group>"; };
		606E6C79A524CBAF3CC7931A /* Pods_snapkit_demo.framework */ = {isa = PBXFileReference; explicitFileType = wrapper.framework; includeInIndex = 0; path = Pods_snapkit_demo.framework; sourceTree = BUILT_PRODUCTS_DIR; };
		6C1075CF15C466F534DDBF2A /* Pods-snapkit-demo.debug.xcconfig */ = {isa = PBXFileReference; includeInIndex = 1; lastKnownFileType = text.xcconfig; name = "Pods-snapkit-demo.debug.xcconfig"; path = "Target Support Files/Pods-snapkit-demo/Pods-snapkit-demo.debug.xcconfig"; sourceTree = "<group>"; };
		71E3164F18B1FABCE5BEB589 /* Pods_snapkit_demoTests.framework */ = {isa = PBXFileReference; explicitFileType = wrapper.framework; includeInIndex = 0; path = Pods_snapkit_demoTests.framework; sourceTree = BUILT_PRODUCTS_DIR; };
		9545020CF16DB35357450C03 /* Pods-snapkit-demo.release.xcconfig */ = {isa = PBXFileReference; includeInIndex = 1; lastKnownFileType = text.xcconfig; name = "Pods-snapkit-demo.release.xcconfig"; path = "Target Support Files/Pods-snapkit-demo/Pods-snapkit-demo.release.xcconfig"; sourceTree = "<group>"; };
		D0C8401B33129B6111987739 /* Pods-snapkit-demo-snapkit-demoUITests.debug.xcconfig */ = {isa = PBXFileReference; includeInIndex = 1; lastKnownFileType = text.xcconfig; name = "Pods-snapkit-demo-snapkit-demoUITests.debug.xcconfig"; path = "Target Support Files/Pods-snapkit-demo-snapkit-demoUITests/Pods-snapkit-demo-snapkit-demoUITests.debug.xcconfig"; sourceTree = "<group>"; };
		E459DC3724C68CD8006886B6 /* snapkit-demo.app */ = {isa = PBXFileReference; explicitFileType = wrapper.application; includeInIndex = 0; path = "snapkit-demo.app"; sourceTree = BUILT_PRODUCTS_DIR; };
		E459DC3A24C68CD8006886B6 /* AppDelegate.swift */ = {isa = PBXFileReference; lastKnownFileType = sourcecode.swift; path = AppDelegate.swift; sourceTree = "<group>"; };
		E459DC3C24C68CD8006886B6 /* SceneDelegate.swift */ = {isa = PBXFileReference; lastKnownFileType = sourcecode.swift; path = SceneDelegate.swift; sourceTree = "<group>"; };
		E459DC3E24C68CD8006886B6 /* ViewController.swift */ = {isa = PBXFileReference; lastKnownFileType = sourcecode.swift; path = ViewController.swift; sourceTree = "<group>"; };
		E459DC4124C68CD8006886B6 /* Base */ = {isa = PBXFileReference; lastKnownFileType = file.storyboard; name = Base; path = Base.lproj/Main.storyboard; sourceTree = "<group>"; };
		E459DC4324C68CDA006886B6 /* Assets.xcassets */ = {isa = PBXFileReference; lastKnownFileType = folder.assetcatalog; path = Assets.xcassets; sourceTree = "<group>"; };
		E459DC4624C68CDA006886B6 /* Base */ = {isa = PBXFileReference; lastKnownFileType = file.storyboard; name = Base; path = Base.lproj/LaunchScreen.storyboard; sourceTree = "<group>"; };
		E459DC4824C68CDA006886B6 /* Info.plist */ = {isa = PBXFileReference; lastKnownFileType = text.plist.xml; path = Info.plist; sourceTree = "<group>"; };
		E459DC4D24C68CDA006886B6 /* snapkit-demoTests.xctest */ = {isa = PBXFileReference; explicitFileType = wrapper.cfbundle; includeInIndex = 0; path = "snapkit-demoTests.xctest"; sourceTree = BUILT_PRODUCTS_DIR; };
		E459DC5124C68CDA006886B6 /* snapkit_demoTests.swift */ = {isa = PBXFileReference; lastKnownFileType = sourcecode.swift; path = snapkit_demoTests.swift; sourceTree = "<group>"; };
		E459DC5324C68CDA006886B6 /* Info.plist */ = {isa = PBXFileReference; lastKnownFileType = text.plist.xml; path = Info.plist; sourceTree = "<group>"; };
		E459DC5824C68CDA006886B6 /* snapkit-demoUITests.xctest */ = {isa = PBXFileReference; explicitFileType = wrapper.cfbundle; includeInIndex = 0; path = "snapkit-demoUITests.xctest"; sourceTree = BUILT_PRODUCTS_DIR; };
		E459DC5C24C68CDA006886B6 /* snapkit_demoUITests.swift */ = {isa = PBXFileReference; lastKnownFileType = sourcecode.swift; path = snapkit_demoUITests.swift; sourceTree = "<group>"; };
		E459DC5E24C68CDA006886B6 /* Info.plist */ = {isa = PBXFileReference; lastKnownFileType = text.plist.xml; path = Info.plist; sourceTree = "<group>"; };
		E49D1C5024C92FF9003DD14C /* LeaderTableViewCell.swift */ = {isa = PBXFileReference; lastKnownFileType = sourcecode.swift; path = LeaderTableViewCell.swift; sourceTree = "<group>"; };
		E49D1C5224C9301A003DD14C /* MemberTableViewCell.swift */ = {isa = PBXFileReference; lastKnownFileType = sourcecode.swift; path = MemberTableViewCell.swift; sourceTree = "<group>"; };
		E49D1C5424C9302D003DD14C /* ResignTableViewCell.swift */ = {isa = PBXFileReference; lastKnownFileType = sourcecode.swift; path = ResignTableViewCell.swift; sourceTree = "<group>"; };
		E49D1C5B24C98E3E003DD14C /* Model.swift */ = {isa = PBXFileReference; lastKnownFileType = sourcecode.swift; path = Model.swift; sourceTree = "<group>"; };
/* End PBXFileReference section */

/* Begin PBXFrameworksBuildPhase section */
		E459DC3424C68CD8006886B6 /* Frameworks */ = {
			isa = PBXFrameworksBuildPhase;
			buildActionMask = 2147483647;
			files = (
				BDF7A28746954E1500571E99 /* Pods_snapkit_demo.framework in Frameworks */,
			);
			runOnlyForDeploymentPostprocessing = 0;
		};
		E459DC4A24C68CDA006886B6 /* Frameworks */ = {
			isa = PBXFrameworksBuildPhase;
			buildActionMask = 2147483647;
			files = (
				A8B6503CA09E5CDEEE7E9922 /* Pods_snapkit_demoTests.framework in Frameworks */,
			);
			runOnlyForDeploymentPostprocessing = 0;
		};
		E459DC5524C68CDA006886B6 /* Frameworks */ = {
			isa = PBXFrameworksBuildPhase;
			buildActionMask = 2147483647;
			files = (
				957ED9C4CF7AE22CF7CC703D /* Pods_snapkit_demo_snapkit_demoUITests.framework in Frameworks */,
			);
			runOnlyForDeploymentPostprocessing = 0;
		};
/* End PBXFrameworksBuildPhase section */

/* Begin PBXGroup section */
		40469553B40F5061A7F99495 /* Frameworks */ = {
			isa = PBXGroup;
			children = (
				606E6C79A524CBAF3CC7931A /* Pods_snapkit_demo.framework */,
				4F6F9223FA30AE828D23AE82 /* Pods_snapkit_demo_snapkit_demoUITests.framework */,
				71E3164F18B1FABCE5BEB589 /* Pods_snapkit_demoTests.framework */,
			);
			name = Frameworks;
			sourceTree = "<group>";
		};
		E459DC2E24C68CD8006886B6 = {
			isa = PBXGroup;
			children = (
				E459DC3924C68CD8006886B6 /* snapkit-demo */,
				E459DC5024C68CDA006886B6 /* snapkit-demoTests */,
				E459DC5B24C68CDA006886B6 /* snapkit-demoUITests */,
				E459DC3824C68CD8006886B6 /* Products */,
				F80BBDE32464261799A21336 /* Pods */,
				40469553B40F5061A7F99495 /* Frameworks */,
			);
			sourceTree = "<group>";
		};
		E459DC3824C68CD8006886B6 /* Products */ = {
			isa = PBXGroup;
			children = (
				E459DC3724C68CD8006886B6 /* snapkit-demo.app */,
				E459DC4D24C68CDA006886B6 /* snapkit-demoTests.xctest */,
				E459DC5824C68CDA006886B6 /* snapkit-demoUITests.xctest */,
			);
			name = Products;
			sourceTree = "<group>";
		};
		E459DC3924C68CD8006886B6 /* snapkit-demo */ = {
			isa = PBXGroup;
			children = (
				E459DC3A24C68CD8006886B6 /* AppDelegate.swift */,
				E459DC3C24C68CD8006886B6 /* SceneDelegate.swift */,
				E459DC3E24C68CD8006886B6 /* ViewController.swift */,
				E459DC4024C68CD8006886B6 /* Main.storyboard */,
				E459DC4324C68CDA006886B6 /* Assets.xcassets */,
				E459DC4524C68CDA006886B6 /* LaunchScreen.storyboard */,
				E459DC4824C68CDA006886B6 /* Info.plist */,
				E49D1C5024C92FF9003DD14C /* LeaderTableViewCell.swift */,
				E49D1C5224C9301A003DD14C /* MemberTableViewCell.swift */,
				E49D1C5424C9302D003DD14C /* ResignTableViewCell.swift */,
				E49D1C5B24C98E3E003DD14C /* Model.swift */,
			);
			path = "snapkit-demo";
			sourceTree = "<group>";
		};
		E459DC5024C68CDA006886B6 /* snapkit-demoTests */ = {
			isa = PBXGroup;
			children = (
				E459DC5124C68CDA006886B6 /* snapkit_demoTests.swift */,
				E459DC5324C68CDA006886B6 /* Info.plist */,
			);
			path = "snapkit-demoTests";
			sourceTree = "<group>";
		};
		E459DC5B24C68CDA006886B6 /* snapkit-demoUITests */ = {
			isa = PBXGroup;
			children = (
				E459DC5C24C68CDA006886B6 /* snapkit_demoUITests.swift */,
				E459DC5E24C68CDA006886B6 /* Info.plist */,
			);
			path = "snapkit-demoUITests";
			sourceTree = "<group>";
		};
		F80BBDE32464261799A21336 /* Pods */ = {
			isa = PBXGroup;
			children = (
				6C1075CF15C466F534DDBF2A /* Pods-snapkit-demo.debug.xcconfig */,
				9545020CF16DB35357450C03 /* Pods-snapkit-demo.release.xcconfig */,
				D0C8401B33129B6111987739 /* Pods-snapkit-demo-snapkit-demoUITests.debug.xcconfig */,
				06EDB01146A4090295FFCAC9 /* Pods-snapkit-demo-snapkit-demoUITests.release.xcconfig */,
				5F145BD810444A79EC5BB357 /* Pods-snapkit-demoTests.debug.xcconfig */,
				0EE375918311A1D54E757686 /* Pods-snapkit-demoTests.release.xcconfig */,
			);
			path = Pods;
			sourceTree = "<group>";
		};
/* End PBXGroup section */

/* Begin PBXNativeTarget section */
		E459DC3624C68CD8006886B6 /* snapkit-demo */ = {
			isa = PBXNativeTarget;
			buildConfigurationList = E459DC6124C68CDA006886B6 /* Build configuration list for PBXNativeTarget "snapkit-demo" */;
			buildPhases = (
				8BC89220B12FFBF5E5A24FAD /* [CP] Check Pods Manifest.lock */,
				E459DC3324C68CD8006886B6 /* Sources */,
				E459DC3424C68CD8006886B6 /* Frameworks */,
				E459DC3524C68CD8006886B6 /* Resources */,
				2CF344FFC237EB6307EB8D0A /* [CP] Embed Pods Frameworks */,
			);
			buildRules = (
			);
			dependencies = (
			);
			name = "snapkit-demo";
			productName = "snapkit-demo";
			productReference = E459DC3724C68CD8006886B6 /* snapkit-demo.app */;
			productType = "com.apple.product-type.application";
		};
		E459DC4C24C68CDA006886B6 /* snapkit-demoTests */ = {
			isa = PBXNativeTarget;
			buildConfigurationList = E459DC6424C68CDA006886B6 /* Build configuration list for PBXNativeTarget "snapkit-demoTests" */;
			buildPhases = (
				B4F5671B8D6D1E4596F32E97 /* [CP] Check Pods Manifest.lock */,
				E459DC4924C68CDA006886B6 /* Sources */,
				E459DC4A24C68CDA006886B6 /* Frameworks */,
				E459DC4B24C68CDA006886B6 /* Resources */,
			);
			buildRules = (
			);
			dependencies = (
				E459DC4F24C68CDA006886B6 /* PBXTargetDependency */,
			);
			name = "snapkit-demoTests";
			productName = "snapkit-demoTests";
			productReference = E459DC4D24C68CDA006886B6 /* snapkit-demoTests.xctest */;
			productType = "com.apple.product-type.bundle.unit-test";
		};
		E459DC5724C68CDA006886B6 /* snapkit-demoUITests */ = {
			isa = PBXNativeTarget;
			buildConfigurationList = E459DC6724C68CDA006886B6 /* Build configuration list for PBXNativeTarget "snapkit-demoUITests" */;
			buildPhases = (
				BD9AA6BDC764E3971A0FC864 /* [CP] Check Pods Manifest.lock */,
				E459DC5424C68CDA006886B6 /* Sources */,
				E459DC5524C68CDA006886B6 /* Frameworks */,
				E459DC5624C68CDA006886B6 /* Resources */,
				6EBCAB8184F3F5065A369596 /* [CP] Embed Pods Frameworks */,
			);
			buildRules = (
			);
			dependencies = (
				E459DC5A24C68CDA006886B6 /* PBXTargetDependency */,
			);
			name = "snapkit-demoUITests";
			productName = "snapkit-demoUITests";
			productReference = E459DC5824C68CDA006886B6 /* snapkit-demoUITests.xctest */;
			productType = "com.apple.product-type.bundle.ui-testing";
		};
/* End PBXNativeTarget section */

/* Begin PBXProject section */
		E459DC2F24C68CD8006886B6 /* Project object */ = {
			isa = PBXProject;
			attributes = {
				LastSwiftUpdateCheck = 1150;
				LastUpgradeCheck = 1150;
				ORGANIZATIONNAME = djing;
				TargetAttributes = {
					E459DC3624C68CD8006886B6 = {
						CreatedOnToolsVersion = 11.5;
					};
					E459DC4C24C68CDA006886B6 = {
						CreatedOnToolsVersion = 11.5;
						TestTargetID = E459DC3624C68CD8006886B6;
					};
					E459DC5724C68CDA006886B6 = {
						CreatedOnToolsVersion = 11.5;
						TestTargetID = E459DC3624C68CD8006886B6;
					};
				};
			};
			buildConfigurationList = E459DC3224C68CD8006886B6 /* Build configuration list for PBXProject "snapkit-demo" */;
			compatibilityVersion = "Xcode 9.3";
			developmentRegion = en;
			hasScannedForEncodings = 0;
			knownRegions = (
				en,
				Base,
			);
			mainGroup = E459DC2E24C68CD8006886B6;
			productRefGroup = E459DC3824C68CD8006886B6 /* Products */;
			projectDirPath = "";
			projectRoot = "";
			targets = (
				E459DC3624C68CD8006886B6 /* snapkit-demo */,
				E459DC4C24C68CDA006886B6 /* snapkit-demoTests */,
				E459DC5724C68CDA006886B6 /* snapkit-demoUITests */,
			);
		};
/* End PBXProject section */

/* Begin PBXResourcesBuildPhase section */
		E459DC3524C68CD8006886B6 /* Resources */ = {
			isa = PBXResourcesBuildPhase;
			buildActionMask = 2147483647;
			files = (
				E459DC4724C68CDA006886B6 /* LaunchScreen.storyboard in Resources */,
				E459DC4424C68CDA006886B6 /* Assets.xcassets in Resources */,
				E459DC4224C68CD8006886B6 /* Main.storyboard in Resources */,
			);
			runOnlyForDeploymentPostprocessing = 0;
		};
		E459DC4B24C68CDA006886B6 /* Resources */ = {
			isa = PBXResourcesBuildPhase;
			buildActionMask = 2147483647;
			files = (
			);
			runOnlyForDeploymentPostprocessing = 0;
		};
		E459DC5624C68CDA006886B6 /* Resources */ = {
			isa = PBXResourcesBuildPhase;
			buildActionMask = 2147483647;
			files = (
			);
			runOnlyForDeploymentPostprocessing = 0;
		};
/* End PBXResourcesBuildPhase section */

/* Begin PBXShellScriptBuildPhase section */
		2CF344FFC237EB6307EB8D0A /* [CP] Embed Pods Frameworks */ = {
			isa = PBXShellScriptBuildPhase;
			buildActionMask = 2147483647;
			files = (
			);
			inputFileListPaths = (
				"${PODS_ROOT}/Target Support Files/Pods-snapkit-demo/Pods-snapkit-demo-frameworks-${CONFIGURATION}-input-files.xcfilelist",
			);
			name = "[CP] Embed Pods Frameworks";
			outputFileListPaths = (
				"${PODS_ROOT}/Target Support Files/Pods-snapkit-demo/Pods-snapkit-demo-frameworks-${CONFIGURATION}-output-files.xcfilelist",
			);
			runOnlyForDeploymentPostprocessing = 0;
			shellPath = /bin/sh;
			shellScript = "\"${PODS_ROOT}/Target Support Files/Pods-snapkit-demo/Pods-snapkit-demo-frameworks.sh\"\n";
			showEnvVarsInLog = 0;
		};
		6EBCAB8184F3F5065A369596 /* [CP] Embed Pods Frameworks */ = {
			isa = PBXShellScriptBuildPhase;
			buildActionMask = 2147483647;
			files = (
			);
			inputFileListPaths = (
				"${PODS_ROOT}/Target Support Files/Pods-snapkit-demo-snapkit-demoUITests/Pods-snapkit-demo-snapkit-demoUITests-frameworks-${CONFIGURATION}-input-files.xcfilelist",
			);
			name = "[CP] Embed Pods Frameworks";
			outputFileListPaths = (
				"${PODS_ROOT}/Target Support Files/Pods-snapkit-demo-snapkit-demoUITests/Pods-snapkit-demo-snapkit-demoUITests-frameworks-${CONFIGURATION}-output-files.xcfilelist",
			);
			runOnlyForDeploymentPostprocessing = 0;
			shellPath = /bin/sh;
			shellScript = "\"${PODS_ROOT}/Target Support Files/Pods-snapkit-demo-snapkit-demoUITests/Pods-snapkit-demo-snapkit-demoUITests-frameworks.sh\"\n";
			showEnvVarsInLog = 0;
		};
		8BC89220B12FFBF5E5A24FAD /* [CP] Check Pods Manifest.lock */ = {
			isa = PBXShellScriptBuildPhase;
			buildActionMask = 2147483647;
			files = (
			);
			inputFileListPaths = (
			);
			inputPaths = (
				"${PODS_PODFILE_DIR_PATH}/Podfile.lock",
				"${PODS_ROOT}/Manifest.lock",
			);
			name = "[CP] Check Pods Manifest.lock";
			outputFileListPaths = (
			);
			outputPaths = (
				"$(DERIVED_FILE_DIR)/Pods-snapkit-demo-checkManifestLockResult.txt",
			);
			runOnlyForDeploymentPostprocessing = 0;
			shellPath = /bin/sh;
			shellScript = "diff \"${PODS_PODFILE_DIR_PATH}/Podfile.lock\" \"${PODS_ROOT}/Manifest.lock\" > /dev/null\nif [ $? != 0 ] ; then\n    # print error to STDERR\n    echo \"error: The sandbox is not in sync with the Podfile.lock. Run 'pod install' or update your CocoaPods installation.\" >&2\n    exit 1\nfi\n# This output is used by Xcode 'outputs' to avoid re-running this script phase.\necho \"SUCCESS\" > \"${SCRIPT_OUTPUT_FILE_0}\"\n";
			showEnvVarsInLog = 0;
		};
		B4F5671B8D6D1E4596F32E97 /* [CP] Check Pods Manifest.lock */ = {
			isa = PBXShellScriptBuildPhase;
			buildActionMask = 2147483647;
			files = (
			);
			inputFileListPaths = (
			);
			inputPaths = (
				"${PODS_PODFILE_DIR_PATH}/Podfile.lock",
				"${PODS_ROOT}/Manifest.lock",
			);
			name = "[CP] Check Pods Manifest.lock";
			outputFileListPaths = (
			);
			outputPaths = (
				"$(DERIVED_FILE_DIR)/Pods-snapkit-demoTests-checkManifestLockResult.txt",
			);
			runOnlyForDeploymentPostprocessing = 0;
			shellPath = /bin/sh;
			shellScript = "diff \"${PODS_PODFILE_DIR_PATH}/Podfile.lock\" \"${PODS_ROOT}/Manifest.lock\" > /dev/null\nif [ $? != 0 ] ; then\n    # print error to STDERR\n    echo \"error: The sandbox is not in sync with the Podfile.lock. Run 'pod install' or update your CocoaPods installation.\" >&2\n    exit 1\nfi\n# This output is used by Xcode 'outputs' to avoid re-running this script phase.\necho \"SUCCESS\" > \"${SCRIPT_OUTPUT_FILE_0}\"\n";
			showEnvVarsInLog = 0;
		};
		BD9AA6BDC764E3971A0FC864 /* [CP] Check Pods Manifest.lock */ = {
			isa = PBXShellScriptBuildPhase;
			buildActionMask = 2147483647;
			files = (
			);
			inputFileListPaths = (
			);
			inputPaths = (
				"${PODS_PODFILE_DIR_PATH}/Podfile.lock",
				"${PODS_ROOT}/Manifest.lock",
			);
			name = "[CP] Check Pods Manifest.lock";
			outputFileListPaths = (
			);
			outputPaths = (
				"$(DERIVED_FILE_DIR)/Pods-snapkit-demo-snapkit-demoUITests-checkManifestLockResult.txt",
			);
			runOnlyForDeploymentPostprocessing = 0;
			shellPath = /bin/sh;
			shellScript = "diff \"${PODS_PODFILE_DIR_PATH}/Podfile.lock\" \"${PODS_ROOT}/Manifest.lock\" > /dev/null\nif [ $? != 0 ] ; then\n    # print error to STDERR\n    echo \"error: The sandbox is not in sync with the Podfile.lock. Run 'pod install' or update your CocoaPods installation.\" >&2\n    exit 1\nfi\n# This output is used by Xcode 'outputs' to avoid re-running this script phase.\necho \"SUCCESS\" > \"${SCRIPT_OUTPUT_FILE_0}\"\n";
			showEnvVarsInLog = 0;
		};
/* End PBXShellScriptBuildPhase section */

/* Begin PBXSourcesBuildPhase section */
		E459DC3324C68CD8006886B6 /* Sources */ = {
			isa = PBXSourcesBuildPhase;
			buildActionMask = 2147483647;
			files = (
				E49D1C5524C9302D003DD14C /* ResignTableViewCell.swift in Sources */,
				E49D1C5124C92FF9003DD14C /* LeaderTableViewCell.swift in Sources */,
				E49D1C5324C9301A003DD14C /* MemberTableViewCell.swift in Sources */,
				E459DC3F24C68CD8006886B6 /* ViewController.swift in Sources */,
				E459DC3B24C68CD8006886B6 /* AppDelegate.swift in Sources */,
				E459DC3D24C68CD8006886B6 /* SceneDelegate.swift in Sources */,
				E49D1C5C24C98E3E003DD14C /* Model.swift in Sources */,
			);
			runOnlyForDeploymentPostprocessing = 0;
		};
		E459DC4924C68CDA006886B6 /* Sources */ = {
			isa = PBXSourcesBuildPhase;
			buildActionMask = 2147483647;
			files = (
				E459DC5224C68CDA006886B6 /* snapkit_demoTests.swift in Sources */,
			);
			runOnlyForDeploymentPostprocessing = 0;
		};
		E459DC5424C68CDA006886B6 /* Sources */ = {
			isa = PBXSourcesBuildPhase;
			buildActionMask = 2147483647;
			files = (
				E459DC5D24C68CDA006886B6 /* snapkit_demoUITests.swift in Sources */,
			);
			runOnlyForDeploymentPostprocessing = 0;
		};
/* End PBXSourcesBuildPhase section */

/* Begin PBXTargetDependency section */
		E459DC4F24C68CDA006886B6 /* PBXTargetDependency */ = {
			isa = PBXTargetDependency;
			target = E459DC3624C68CD8006886B6 /* snapkit-demo */;
			targetProxy = E459DC4E24C68CDA006886B6 /* PBXContainerItemProxy */;
		};
		E459DC5A24C68CDA006886B6 /* PBXTargetDependency */ = {
			isa = PBXTargetDependency;
			target = E459DC3624C68CD8006886B6 /* snapkit-demo */;
			targetProxy = E459DC5924C68CDA006886B6 /* PBXContainerItemProxy */;
		};
/* End PBXTargetDependency section */

/* Begin PBXVariantGroup section */
		E459DC4024C68CD8006886B6 /* Main.storyboard */ = {
			isa = PBXVariantGroup;
			children = (
				E459DC4124C68CD8006886B6 /* Base */,
			);
			name = Main.storyboard;
			sourceTree = "<group>";
		};
		E459DC4524C68CDA006886B6 /* LaunchScreen.storyboard */ = {
			isa = PBXVariantGroup;
			children = (
				E459DC4624C68CDA006886B6 /* Base */,
			);
			name = LaunchScreen.storyboard;
			sourceTree = "<group>";
		};
/* End PBXVariantGroup section */

/* Begin XCBuildConfiguration section */
		E459DC5F24C68CDA006886B6 /* Debug */ = {
			isa = XCBuildConfiguration;
			buildSettings = {
				ALWAYS_SEARCH_USER_PATHS = NO;
				CLANG_ANALYZER_NONNULL = YES;
				CLANG_ANALYZER_NUMBER_OBJECT_CONVERSION = YES_AGGRESSIVE;
				CLANG_CXX_LANGUAGE_STANDARD = "gnu++14";
				CLANG_CXX_LIBRARY = "libc++";
				CLANG_ENABLE_MODULES = YES;
				CLANG_ENABLE_OBJC_ARC = YES;
				CLANG_ENABLE_OBJC_WEAK = YES;
				CLANG_WARN_BLOCK_CAPTURE_AUTORELEASING = YES;
				CLANG_WARN_BOOL_CONVERSION = YES;
				CLANG_WARN_COMMA = YES;
				CLANG_WARN_CONSTANT_CONVERSION = YES;
				CLANG_WARN_DEPRECATED_OBJC_IMPLEMENTATIONS = YES;
				CLANG_WARN_DIRECT_OBJC_ISA_USAGE = YES_ERROR;
				CLANG_WARN_DOCUMENTATION_COMMENTS = YES;
				CLANG_WARN_EMPTY_BODY = YES;
				CLANG_WARN_ENUM_CONVERSION = YES;
				CLANG_WARN_INFINITE_RECURSION = YES;
				CLANG_WARN_INT_CONVERSION = YES;
				CLANG_WARN_NON_LITERAL_NULL_CONVERSION = YES;
				CLANG_WARN_OBJC_IMPLICIT_RETAIN_SELF = YES;
				CLANG_WARN_OBJC_LITERAL_CONVERSION = YES;
				CLANG_WARN_OBJC_ROOT_CLASS = YES_ERROR;
				CLANG_WARN_RANGE_LOOP_ANALYSIS = YES;
				CLANG_WARN_STRICT_PROTOTYPES = YES;
				CLANG_WARN_SUSPICIOUS_MOVE = YES;
				CLANG_WARN_UNGUARDED_AVAILABILITY = YES_AGGRESSIVE;
				CLANG_WARN_UNREACHABLE_CODE = YES;
				CLANG_WARN__DUPLICATE_METHOD_MATCH = YES;
				COPY_PHASE_STRIP = NO;
				DEBUG_INFORMATION_FORMAT = dwarf;
				ENABLE_STRICT_OBJC_MSGSEND = YES;
				ENABLE_TESTABILITY = YES;
				GCC_C_LANGUAGE_STANDARD = gnu11;
				GCC_DYNAMIC_NO_PIC = NO;
				GCC_NO_COMMON_BLOCKS = YES;
				GCC_OPTIMIZATION_LEVEL = 0;
				GCC_PREPROCESSOR_DEFINITIONS = (
					"DEBUG=1",
					"$(inherited)",
				);
				GCC_WARN_64_TO_32_BIT_CONVERSION = YES;
				GCC_WARN_ABOUT_RETURN_TYPE = YES_ERROR;
				GCC_WARN_UNDECLARED_SELECTOR = YES;
				GCC_WARN_UNINITIALIZED_AUTOS = YES_AGGRESSIVE;
				GCC_WARN_UNUSED_FUNCTION = YES;
				GCC_WARN_UNUSED_VARIABLE = YES;
				IPHONEOS_DEPLOYMENT_TARGET = 13.5;
				MTL_ENABLE_DEBUG_INFO = INCLUDE_SOURCE;
				MTL_FAST_MATH = YES;
				ONLY_ACTIVE_ARCH = YES;
				SDKROOT = iphoneos;
				SWIFT_ACTIVE_COMPILATION_CONDITIONS = DEBUG;
				SWIFT_OPTIMIZATION_LEVEL = "-Onone";
			};
			name = Debug;
		};
		E459DC6024C68CDA006886B6 /* Release */ = {
			isa = XCBuildConfiguration;
			buildSettings = {
				ALWAYS_SEARCH_USER_PATHS = NO;
				CLANG_ANALYZER_NONNULL = YES;
				CLANG_ANALYZER_NUMBER_OBJECT_CONVERSION = YES_AGGRESSIVE;
				CLANG_CXX_LANGUAGE_STANDARD = "gnu++14";
				CLANG_CXX_LIBRARY = "libc++";
				CLANG_ENABLE_MODULES = YES;
				CLANG_ENABLE_OBJC_ARC = YES;
				CLANG_ENABLE_OBJC_WEAK = YES;
				CLANG_WARN_BLOCK_CAPTURE_AUTORELEASING = YES;
				CLANG_WARN_BOOL_CONVERSION = YES;
				CLANG_WARN_COMMA = YES;
				CLANG_WARN_CONSTANT_CONVERSION = YES;
				CLANG_WARN_DEPRECATED_OBJC_IMPLEMENTATIONS = YES;
				CLANG_WARN_DIRECT_OBJC_ISA_USAGE = YES_ERROR;
				CLANG_WARN_DOCUMENTATION_COMMENTS = YES;
				CLANG_WARN_EMPTY_BODY = YES;
				CLANG_WARN_ENUM_CONVERSION = YES;
				CLANG_WARN_INFINITE_RECURSION = YES;
				CLANG_WARN_INT_CONVERSION = YES;
				CLANG_WARN_NON_LITERAL_NULL_CONVERSION = YES;
				CLANG_WARN_OBJC_IMPLICIT_RETAIN_SELF = YES;
				CLANG_WARN_OBJC_LITERAL_CONVERSION = YES;
				CLANG_WARN_OBJC_ROOT_CLASS = YES_ERROR;
				CLANG_WARN_RANGE_LOOP_ANALYSIS = YES;
				CLANG_WARN_STRICT_PROTOTYPES = YES;
				CLANG_WARN_SUSPICIOUS_MOVE = YES;
				CLANG_WARN_UNGUARDED_AVAILABILITY = YES_AGGRESSIVE;
				CLANG_WARN_UNREACHABLE_CODE = YES;
				CLANG_WARN__DUPLICATE_METHOD_MATCH = YES;
				COPY_PHASE_STRIP = NO;
				DEBUG_INFORMATION_FORMAT = "dwarf-with-dsym";
				ENABLE_NS_ASSERTIONS = NO;
				ENABLE_STRICT_OBJC_MSGSEND = YES;
				GCC_C_LANGUAGE_STANDARD = gnu11;
				GCC_NO_COMMON_BLOCKS = YES;
				GCC_WARN_64_TO_32_BIT_CONVERSION = YES;
				GCC_WARN_ABOUT_RETURN_TYPE = YES_ERROR;
				GCC_WARN_UNDECLARED_SELECTOR = YES;
				GCC_WARN_UNINITIALIZED_AUTOS = YES_AGGRESSIVE;
				GCC_WARN_UNUSED_FUNCTION = YES;
				GCC_WARN_UNUSED_VARIABLE = YES;
				IPHONEOS_DEPLOYMENT_TARGET = 13.5;
				MTL_ENABLE_DEBUG_INFO = NO;
				MTL_FAST_MATH = YES;
				SDKROOT = iphoneos;
				SWIFT_COMPILATION_MODE = wholemodule;
				SWIFT_OPTIMIZATION_LEVEL = "-O";
				VALIDATE_PRODUCT = YES;
			};
			name = Release;
		};
		E459DC6224C68CDA006886B6 /* Debug */ = {
			isa = XCBuildConfiguration;
			baseConfigurationReference = 6C1075CF15C466F534DDBF2A /* Pods-snapkit-demo.debug.xcconfig */;
			buildSettings = {
				ASSETCATALOG_COMPILER_APPICON_NAME = AppIcon;
				CODE_SIGN_STYLE = Automatic;
				DEVELOPMENT_TEAM = BR63YT2EJJ;
				INFOPLIST_FILE = "snapkit-demo/Info.plist";
				LD_RUNPATH_SEARCH_PATHS = (
					"$(inherited)",
					"@executable_path/Frameworks",
				);
				PRODUCT_BUNDLE_IDENTIFIER = "com.magicdian.snapkit-demo";
				PRODUCT_NAME = "$(TARGET_NAME)";
				SWIFT_VERSION = 5.0;
				TARGETED_DEVICE_FAMILY = "1,2";
			};
			name = Debug;
		};
		E459DC6324C68CDA006886B6 /* Release */ = {
			isa = XCBuildConfiguration;
			baseConfigurationReference = 9545020CF16DB35357450C03 /* Pods-snapkit-demo.release.xcconfig */;
			buildSettings = {
				ASSETCATALOG_COMPILER_APPICON_NAME = AppIcon;
				CODE_SIGN_STYLE = Automatic;
				DEVELOPMENT_TEAM = BR63YT2EJJ;
				INFOPLIST_FILE = "snapkit-demo/Info.plist";
				LD_RUNPATH_SEARCH_PATHS = (
					"$(inherited)",
					"@executable_path/Frameworks",
				);
				PRODUCT_BUNDLE_IDENTIFIER = "com.magicdian.snapkit-demo";
				PRODUCT_NAME = "$(TARGET_NAME)";
				SWIFT_VERSION = 5.0;
				TARGETED_DEVICE_FAMILY = "1,2";
			};
			name = Release;
		};
		E459DC6524C68CDA006886B6 /* Debug */ = {
			isa = XCBuildConfiguration;
			baseConfigurationReference = 5F145BD810444A79EC5BB357 /* Pods-snapkit-demoTests.debug.xcconfig */;
			buildSettings = {
				ALWAYS_EMBED_SWIFT_STANDARD_LIBRARIES = YES;
				BUNDLE_LOADER = "$(TEST_HOST)";
				CODE_SIGN_STYLE = Automatic;
				DEVELOPMENT_TEAM = BR63YT2EJJ;
				INFOPLIST_FILE = "snapkit-demoTests/Info.plist";
				IPHONEOS_DEPLOYMENT_TARGET = 13.5;
				LD_RUNPATH_SEARCH_PATHS = (
					"$(inherited)",
					"@executable_path/Frameworks",
					"@loader_path/Frameworks",
				);
				PRODUCT_BUNDLE_IDENTIFIER = "com.magicdian.snapkit-demoTests";
				PRODUCT_NAME = "$(TARGET_NAME)";
				SWIFT_VERSION = 5.0;
				TARGETED_DEVICE_FAMILY = "1,2";
				TEST_HOST = "$(BUILT_PRODUCTS_DIR)/snapkit-demo.app/snapkit-demo";
			};
			name = Debug;
		};
		E459DC6624C68CDA006886B6 /* Release */ = {
			isa = XCBuildConfiguration;
			baseConfigurationReference = 0EE375918311A1D54E757686 /* Pods-snapkit-demoTests.release.xcconfig */;
			buildSettings = {
				ALWAYS_EMBED_SWIFT_STANDARD_LIBRARIES = YES;
				BUNDLE_LOADER = "$(TEST_HOST)";
				CODE_SIGN_STYLE = Automatic;
				DEVELOPMENT_TEAM = BR63YT2EJJ;
				INFOPLIST_FILE = "snapkit-demoTests/Info.plist";
				IPHONEOS_DEPLOYMENT_TARGET = 13.5;
				LD_RUNPATH_SEARCH_PATHS = (
					"$(inherited)",
					"@executable_path/Frameworks",
					"@loader_path/Frameworks",
				);
				PRODUCT_BUNDLE_IDENTIFIER = "com.magicdian.snapkit-demoTests";
				PRODUCT_NAME = "$(TARGET_NAME)";
				SWIFT_VERSION = 5.0;
				TARGETED_DEVICE_FAMILY = "1,2";
				TEST_HOST = "$(BUILT_PRODUCTS_DIR)/snapkit-demo.app/snapkit-demo";
			};
			name = Release;
		};
		E459DC6824C68CDA006886B6 /* Debug */ = {
			isa = XCBuildConfiguration;
			baseConfigurationReference = D0C8401B33129B6111987739 /* Pods-snapkit-demo-snapkit-demoUITests.debug.xcconfig */;
			buildSettings = {
				ALWAYS_EMBED_SWIFT_STANDARD_LIBRARIES = YES;
				CODE_SIGN_STYLE = Automatic;
				DEVELOPMENT_TEAM = BR63YT2EJJ;
				INFOPLIST_FILE = "snapkit-demoUITests/Info.plist";
				LD_RUNPATH_SEARCH_PATHS = (
					"$(inherited)",
					"@executable_path/Frameworks",
					"@loader_path/Frameworks",
				);
				PRODUCT_BUNDLE_IDENTIFIER = "com.magicdian.snapkit-demoUITests";
				PRODUCT_NAME = "$(TARGET_NAME)";
				SWIFT_VERSION = 5.0;
				TARGETED_DEVICE_FAMILY = "1,2";
				TEST_TARGET_NAME = "snapkit-demo";
			};
			name = Debug;
		};
		E459DC6924C68CDA006886B6 /* Release */ = {
			isa = XCBuildConfiguration;
			baseConfigurationReference = 06EDB01146A4090295FFCAC9 /* Pods-snapkit-demo-snapkit-demoUITests.release.xcconfig */;
			buildSettings = {
				ALWAYS_EMBED_SWIFT_STANDARD_LIBRARIES = YES;
				CODE_SIGN_STYLE = Automatic;
				DEVELOPMENT_TEAM = BR63YT2EJJ;
				INFOPLIST_FILE = "snapkit-demoUITests/Info.plist";
				LD_RUNPATH_SEARCH_PATHS = (
					"$(inherited)",
					"@executable_path/Frameworks",
					"@loader_path/Frameworks",
				);
				PRODUCT_BUNDLE_IDENTIFIER = "com.magicdian.snapkit-demoUITests";
				PRODUCT_NAME = "$(TARGET_NAME)";
				SWIFT_VERSION = 5.0;
				TARGETED_DEVICE_FAMILY = "1,2";
				TEST_TARGET_NAME = "snapkit-demo";
			};
			name = Release;
		};
/* End XCBuildConfiguration section */

/* Begin XCConfigurationList section */
		E459DC3224C68CD8006886B6 /* Build configuration list for PBXProject "snapkit-demo" */ = {
			isa = XCConfigurationList;
			buildConfigurations = (
				E459DC5F24C68CDA006886B6 /* Debug */,
				E459DC6024C68CDA006886B6 /* Release */,
			);
			defaultConfigurationIsVisible = 0;
			defaultConfigurationName = Release;
		};
		E459DC6124C68CDA006886B6 /* Build configuration list for PBXNativeTarget "snapkit-demo" */ = {
			isa = XCConfigurationList;
			buildConfigurations = (
				E459DC6224C68CDA006886B6 /* Debug */,
				E459DC6324C68CDA006886B6 /* Release */,
			);
			defaultConfigurationIsVisible = 0;
			defaultConfigurationName = Release;
		};
		E459DC6424C68CDA006886B6 /* Build configuration list for PBXNativeTarget "snapkit-demoTests" */ = {
			isa = XCConfigurationList;
			buildConfigurations = (
				E459DC6524C68CDA006886B6 /* Debug */,
				E459DC6624C68CDA006886B6 /* Release */,
			);
			defaultConfigurationIsVisible = 0;
			defaultConfigurationName = Release;
		};
		E459DC6724C68CDA006886B6 /* Build configuration list for PBXNativeTarget "snapkit-demoUITests" */ = {
			isa = XCConfigurationList;
			buildConfigurations = (
				E459DC6824C68CDA006886B6 /* Debug */,
				E459DC6924C68CDA006886B6 /* Release */,
			);
			defaultConfigurationIsVisible = 0;
			defaultConfigurationName = Release;
		};
/* End XCConfigurationList section */
	};
	rootObject = E459DC2F24C68CD8006886B6 /* Project object */;
}
